// !$*UTF8*$!
{
	archiveVersion = 1;
	classes = {
	};
	objectVersion = 50;
	objects = {

/* Begin PBXBuildFile section */
		9110F8D72535E52700CE7209 /* ListObatViewController.swift in Sources */ = {isa = PBXBuildFile; fileRef = 9110F8D62535E52700CE7209 /* ListObatViewController.swift */; };
		9110F8DF253835EA00CE7209 /* idDokterViewController.swift in Sources */ = {isa = PBXBuildFile; fileRef = 9110F8DE253835EA00CE7209 /* idDokterViewController.swift */; };
		9110F8E725383D5A00CE7209 /* Onboarding.storyboard in Resources */ = {isa = PBXBuildFile; fileRef = 9110F8E625383D5A00CE7209 /* Onboarding.storyboard */; };
		91E9119425304ABE00124C0E /* AppDelegate.swift in Sources */ = {isa = PBXBuildFile; fileRef = 91E9119325304ABE00124C0E /* AppDelegate.swift */; };
		91E9119625304ABE00124C0E /* SceneDelegate.swift in Sources */ = {isa = PBXBuildFile; fileRef = 91E9119525304ABE00124C0E /* SceneDelegate.swift */; };
		91E9119B25304ABE00124C0E /* Main.storyboard in Resources */ = {isa = PBXBuildFile; fileRef = 91E9119925304ABE00124C0E /* Main.storyboard */; };
		91E9119E25304ABE00124C0E /* Obatur.xcdatamodeld in Sources */ = {isa = PBXBuildFile; fileRef = 91E9119C25304ABE00124C0E /* Obatur.xcdatamodeld */; };
		91E911A025304ABF00124C0E /* Assets.xcassets in Resources */ = {isa = PBXBuildFile; fileRef = 91E9119F25304ABF00124C0E /* Assets.xcassets */; };
		91E911A325304ABF00124C0E /* LaunchScreen.storyboard in Resources */ = {isa = PBXBuildFile; fileRef = 91E911A125304ABF00124C0E /* LaunchScreen.storyboard */; };
		91E911AE25304ABF00124C0E /* ObaturTests.swift in Sources */ = {isa = PBXBuildFile; fileRef = 91E911AD25304ABF00124C0E /* ObaturTests.swift */; };
		91E911B925304ABF00124C0E /* ObaturUITests.swift in Sources */ = {isa = PBXBuildFile; fileRef = 91E911B825304ABF00124C0E /* ObaturUITests.swift */; };
		96D3D0322533E4EB00435D7D /* NavigationController.swift in Sources */ = {isa = PBXBuildFile; fileRef = 96D3D0312533E4EB00435D7D /* NavigationController.swift */; };
/* End PBXBuildFile section */

/* Begin PBXContainerItemProxy section */
		91E911AA25304ABF00124C0E /* PBXContainerItemProxy */ = {
			isa = PBXContainerItemProxy;
			containerPortal = 91E9118825304ABE00124C0E /* Project object */;
			proxyType = 1;
			remoteGlobalIDString = 91E9118F25304ABE00124C0E;
			remoteInfo = Obatur;
		};
		91E911B525304ABF00124C0E /* PBXContainerItemProxy */ = {
			isa = PBXContainerItemProxy;
			containerPortal = 91E9118825304ABE00124C0E /* Project object */;
			proxyType = 1;
			remoteGlobalIDString = 91E9118F25304ABE00124C0E;
			remoteInfo = Obatur;
		};
/* End PBXContainerItemProxy section */

/* Begin PBXFileReference section */
		9110F8D62535E52700CE7209 /* ListObatViewController.swift */ = {isa = PBXFileReference; lastKnownFileType = sourcecode.swift; path = ListObatViewController.swift; sourceTree = "<group>"; };
		9110F8DE253835EA00CE7209 /* idDokterViewController.swift */ = {isa = PBXFileReference; lastKnownFileType = sourcecode.swift; path = idDokterViewController.swift; sourceTree = "<group>"; };
		9110F8E625383D5A00CE7209 /* Onboarding.storyboard */ = {isa = PBXFileReference; lastKnownFileType = file.storyboard; path = Onboarding.storyboard; sourceTree = "<group>"; };
		91E9119025304ABE00124C0E /* Obatur.app */ = {isa = PBXFileReference; explicitFileType = wrapper.application; includeInIndex = 0; path = Obatur.app; sourceTree = BUILT_PRODUCTS_DIR; };
		91E9119325304ABE00124C0E /* AppDelegate.swift */ = {isa = PBXFileReference; lastKnownFileType = sourcecode.swift; path = AppDelegate.swift; sourceTree = "<group>"; };
		91E9119525304ABE00124C0E /* SceneDelegate.swift */ = {isa = PBXFileReference; lastKnownFileType = sourcecode.swift; path = SceneDelegate.swift; sourceTree = "<group>"; };
		91E9119A25304ABE00124C0E /* Base */ = {isa = PBXFileReference; lastKnownFileType = file.storyboard; name = Base; path = Base.lproj/Main.storyboard; sourceTree = "<group>"; };
		91E9119D25304ABE00124C0E /* Obatur.xcdatamodel */ = {isa = PBXFileReference; lastKnownFileType = wrapper.xcdatamodel; path = Obatur.xcdatamodel; sourceTree = "<group>"; };
		91E9119F25304ABF00124C0E /* Assets.xcassets */ = {isa = PBXFileReference; lastKnownFileType = folder.assetcatalog; path = Assets.xcassets; sourceTree = "<group>"; };
		91E911A225304ABF00124C0E /* Base */ = {isa = PBXFileReference; lastKnownFileType = file.storyboard; name = Base; path = Base.lproj/LaunchScreen.storyboard; sourceTree = "<group>"; };
		91E911A425304ABF00124C0E /* Info.plist */ = {isa = PBXFileReference; lastKnownFileType = text.plist.xml; path = Info.plist; sourceTree = "<group>"; };
		91E911A925304ABF00124C0E /* ObaturTests.xctest */ = {isa = PBXFileReference; explicitFileType = wrapper.cfbundle; includeInIndex = 0; path = ObaturTests.xctest; sourceTree = BUILT_PRODUCTS_DIR; };
		91E911AD25304ABF00124C0E /* ObaturTests.swift */ = {isa = PBXFileReference; lastKnownFileType = sourcecode.swift; path = ObaturTests.swift; sourceTree = "<group>"; };
		91E911AF25304ABF00124C0E /* Info.plist */ = {isa = PBXFileReference; lastKnownFileType = text.plist.xml; path = Info.plist; sourceTree = "<group>"; };
		91E911B425304ABF00124C0E /* ObaturUITests.xctest */ = {isa = PBXFileReference; explicitFileType = wrapper.cfbundle; includeInIndex = 0; path = ObaturUITests.xctest; sourceTree = BUILT_PRODUCTS_DIR; };
		91E911B825304ABF00124C0E /* ObaturUITests.swift */ = {isa = PBXFileReference; lastKnownFileType = sourcecode.swift; path = ObaturUITests.swift; sourceTree = "<group>"; };
		91E911BA25304ABF00124C0E /* Info.plist */ = {isa = PBXFileReference; lastKnownFileType = text.plist.xml; path = Info.plist; sourceTree = "<group>"; };
		96D3D0312533E4EB00435D7D /* NavigationController.swift */ = {isa = PBXFileReference; lastKnownFileType = sourcecode.swift; path = NavigationController.swift; sourceTree = "<group>"; };
/* End PBXFileReference section */

/* Begin PBXFrameworksBuildPhase section */
		91E9118D25304ABE00124C0E /* Frameworks */ = {
			isa = PBXFrameworksBuildPhase;
			buildActionMask = 2147483647;
			files = (
			);
			runOnlyForDeploymentPostprocessing = 0;
		};
		91E911A625304ABF00124C0E /* Frameworks */ = {
			isa = PBXFrameworksBuildPhase;
			buildActionMask = 2147483647;
			files = (
			);
			runOnlyForDeploymentPostprocessing = 0;
		};
		91E911B125304ABF00124C0E /* Frameworks */ = {
			isa = PBXFrameworksBuildPhase;
			buildActionMask = 2147483647;
			files = (
			);
			runOnlyForDeploymentPostprocessing = 0;
		};
/* End PBXFrameworksBuildPhase section */

/* Begin PBXGroup section */
		91E9118725304ABE00124C0E = {
			isa = PBXGroup;
			children = (
				91E9119225304ABE00124C0E /* Obatur */,
				91E911AC25304ABF00124C0E /* ObaturTests */,
				91E911B725304ABF00124C0E /* ObaturUITests */,
				91E9119125304ABE00124C0E /* Products */,
			);
			sourceTree = "<group>";
		};
		91E9119125304ABE00124C0E /* Products */ = {
			isa = PBXGroup;
			children = (
				91E9119025304ABE00124C0E /* Obatur.app */,
				91E911A925304ABF00124C0E /* ObaturTests.xctest */,
				91E911B425304ABF00124C0E /* ObaturUITests.xctest */,
			);
			name = Products;
			sourceTree = "<group>";
		};
		91E9119225304ABE00124C0E /* Obatur */ = {
			isa = PBXGroup;
			children = (
				91E9119325304ABE00124C0E /* AppDelegate.swift */,
				91E9119525304ABE00124C0E /* SceneDelegate.swift */,
				91E9119925304ABE00124C0E /* Main.storyboard */,
				9110F8E625383D5A00CE7209 /* Onboarding.storyboard */,
				9110F8D62535E52700CE7209 /* ListObatViewController.swift */,
				96D3D0312533E4EB00435D7D /* NavigationController.swift */,
				9110F8DE253835EA00CE7209 /* idDokterViewController.swift */,
				91E9119F25304ABF00124C0E /* Assets.xcassets */,
				91E911A125304ABF00124C0E /* LaunchScreen.storyboard */,
				91E911A425304ABF00124C0E /* Info.plist */,
				91E9119C25304ABE00124C0E /* Obatur.xcdatamodeld */,
			);
			path = Obatur;
			sourceTree = "<group>";
		};
		91E911AC25304ABF00124C0E /* ObaturTests */ = {
			isa = PBXGroup;
			children = (
				91E911AD25304ABF00124C0E /* ObaturTests.swift */,
				91E911AF25304ABF00124C0E /* Info.plist */,
			);
			path = ObaturTests;
			sourceTree = "<group>";
		};
		91E911B725304ABF00124C0E /* ObaturUITests */ = {
			isa = PBXGroup;
			children = (
				91E911B825304ABF00124C0E /* ObaturUITests.swift */,
				91E911BA25304ABF00124C0E /* Info.plist */,
			);
			path = ObaturUITests;
			sourceTree = "<group>";
		};
/* End PBXGroup section */

/* Begin PBXNativeTarget section */
		91E9118F25304ABE00124C0E /* Obatur */ = {
			isa = PBXNativeTarget;
			buildConfigurationList = 91E911BD25304ABF00124C0E /* Build configuration list for PBXNativeTarget "Obatur" */;
			buildPhases = (
				91E9118C25304ABE00124C0E /* Sources */,
				91E9118D25304ABE00124C0E /* Frameworks */,
				91E9118E25304ABE00124C0E /* Resources */,
			);
			buildRules = (
			);
			dependencies = (
			);
			name = Obatur;
			productName = Obatur;
			productReference = 91E9119025304ABE00124C0E /* Obatur.app */;
			productType = "com.apple.product-type.application";
		};
		91E911A825304ABF00124C0E /* ObaturTests */ = {
			isa = PBXNativeTarget;
			buildConfigurationList = 91E911C025304ABF00124C0E /* Build configuration list for PBXNativeTarget "ObaturTests" */;
			buildPhases = (
				91E911A525304ABF00124C0E /* Sources */,
				91E911A625304ABF00124C0E /* Frameworks */,
				91E911A725304ABF00124C0E /* Resources */,
			);
			buildRules = (
			);
			dependencies = (
				91E911AB25304ABF00124C0E /* PBXTargetDependency */,
			);
			name = ObaturTests;
			productName = ObaturTests;
			productReference = 91E911A925304ABF00124C0E /* ObaturTests.xctest */;
			productType = "com.apple.product-type.bundle.unit-test";
		};
		91E911B325304ABF00124C0E /* ObaturUITests */ = {
			isa = PBXNativeTarget;
			buildConfigurationList = 91E911C325304ABF00124C0E /* Build configuration list for PBXNativeTarget "ObaturUITests" */;
			buildPhases = (
				91E911B025304ABF00124C0E /* Sources */,
				91E911B125304ABF00124C0E /* Frameworks */,
				91E911B225304ABF00124C0E /* Resources */,
			);
			buildRules = (
			);
			dependencies = (
				91E911B625304ABF00124C0E /* PBXTargetDependency */,
			);
			name = ObaturUITests;
			productName = ObaturUITests;
			productReference = 91E911B425304ABF00124C0E /* ObaturUITests.xctest */;
			productType = "com.apple.product-type.bundle.ui-testing";
		};
/* End PBXNativeTarget section */

/* Begin PBXProject section */
		91E9118825304ABE00124C0E /* Project object */ = {
			isa = PBXProject;
			attributes = {
				LastSwiftUpdateCheck = 1200;
				LastUpgradeCheck = 1200;
				TargetAttributes = {
					91E9118F25304ABE00124C0E = {
						CreatedOnToolsVersion = 12.0.1;
					};
					91E911A825304ABF00124C0E = {
						CreatedOnToolsVersion = 12.0.1;
						TestTargetID = 91E9118F25304ABE00124C0E;
					};
					91E911B325304ABF00124C0E = {
						CreatedOnToolsVersion = 12.0.1;
						TestTargetID = 91E9118F25304ABE00124C0E;
					};
				};
			};
			buildConfigurationList = 91E9118B25304ABE00124C0E /* Build configuration list for PBXProject "Obatur" */;
			compatibilityVersion = "Xcode 9.3";
			developmentRegion = en;
			hasScannedForEncodings = 0;
			knownRegions = (
				en,
				Base,
			);
			mainGroup = 91E9118725304ABE00124C0E;
			productRefGroup = 91E9119125304ABE00124C0E /* Products */;
			projectDirPath = "";
			projectRoot = "";
			targets = (
				91E9118F25304ABE00124C0E /* Obatur */,
				91E911A825304ABF00124C0E /* ObaturTests */,
				91E911B325304ABF00124C0E /* ObaturUITests */,
			);
		};
/* End PBXProject section */

/* Begin PBXResourcesBuildPhase section */
		91E9118E25304ABE00124C0E /* Resources */ = {
			isa = PBXResourcesBuildPhase;
			buildActionMask = 2147483647;
			files = (
				91E911A325304ABF00124C0E /* LaunchScreen.storyboard in Resources */,
				91E911A025304ABF00124C0E /* Assets.xcassets in Resources */,
				91E9119B25304ABE00124C0E /* Main.storyboard in Resources */,
				9110F8E725383D5A00CE7209 /* Onboarding.storyboard in Resources */,
			);
			runOnlyForDeploymentPostprocessing = 0;
		};
		91E911A725304ABF00124C0E /* Resources */ = {
			isa = PBXResourcesBuildPhase;
			buildActionMask = 2147483647;
			files = (
			);
			runOnlyForDeploymentPostprocessing = 0;
		};
		91E911B225304ABF00124C0E /* Resources */ = {
			isa = PBXResourcesBuildPhase;
			buildActionMask = 2147483647;
			files = (
			);
			runOnlyForDeploymentPostprocessing = 0;
		};
/* End PBXResourcesBuildPhase section */

/* Begin PBXSourcesBuildPhase section */
		91E9118C25304ABE00124C0E /* Sources */ = {
			isa = PBXSourcesBuildPhase;
			buildActionMask = 2147483647;
			files = (
				9110F8DF253835EA00CE7209 /* idDokterViewController.swift in Sources */,
				91E9119E25304ABE00124C0E /* Obatur.xcdatamodeld in Sources */,
				96D3D0322533E4EB00435D7D /* NavigationController.swift in Sources */,
				91E9119425304ABE00124C0E /* AppDelegate.swift in Sources */,
				9110F8D72535E52700CE7209 /* ListObatViewController.swift in Sources */,
				91E9119625304ABE00124C0E /* SceneDelegate.swift in Sources */,
			);
			runOnlyForDeploymentPostprocessing = 0;
		};
		91E911A525304ABF00124C0E /* Sources */ = {
			isa = PBXSourcesBuildPhase;
			buildActionMask = 2147483647;
			files = (
				91E911AE25304ABF00124C0E /* ObaturTests.swift in Sources */,
			);
			runOnlyForDeploymentPostprocessing = 0;
		};
		91E911B025304ABF00124C0E /* Sources */ = {
			isa = PBXSourcesBuildPhase;
			buildActionMask = 2147483647;
			files = (
				91E911B925304ABF00124C0E /* ObaturUITests.swift in Sources */,
			);
			runOnlyForDeploymentPostprocessing = 0;
		};
/* End PBXSourcesBuildPhase section */

/* Begin PBXTargetDependency section */
		91E911AB25304ABF00124C0E /* PBXTargetDependency */ = {
			isa = PBXTargetDependency;
			target = 91E9118F25304ABE00124C0E /* Obatur */;
			targetProxy = 91E911AA25304ABF00124C0E /* PBXContainerItemProxy */;
		};
		91E911B625304ABF00124C0E /* PBXTargetDependency */ = {
			isa = PBXTargetDependency;
			target = 91E9118F25304ABE00124C0E /* Obatur */;
			targetProxy = 91E911B525304ABF00124C0E /* PBXContainerItemProxy */;
		};
/* End PBXTargetDependency section */

/* Begin PBXVariantGroup section */
		91E9119925304ABE00124C0E /* Main.storyboard */ = {
			isa = PBXVariantGroup;
			children = (
				91E9119A25304ABE00124C0E /* Base */,
			);
			name = Main.storyboard;
			sourceTree = "<group>";
		};
		91E911A125304ABF00124C0E /* LaunchScreen.storyboard */ = {
			isa = PBXVariantGroup;
			children = (
				91E911A225304ABF00124C0E /* Base */,
			);
			name = LaunchScreen.storyboard;
			sourceTree = "<group>";
		};
/* End PBXVariantGroup section */

/* Begin XCBuildConfiguration section */
		91E911BB25304ABF00124C0E /* Debug */ = {
			isa = XCBuildConfiguration;
			buildSettings = {
				ALWAYS_SEARCH_USER_PATHS = NO;
				CLANG_ANALYZER_NONNULL = YES;
				CLANG_ANALYZER_NUMBER_OBJECT_CONVERSION = YES_AGGRESSIVE;
				CLANG_CXX_LANGUAGE_STANDARD = "gnu++14";
				CLANG_CXX_LIBRARY = "libc++";
				CLANG_ENABLE_MODULES = YES;
				CLANG_ENABLE_OBJC_ARC = YES;
				CLANG_ENABLE_OBJC_WEAK = YES;
				CLANG_WARN_BLOCK_CAPTURE_AUTORELEASING = YES;
				CLANG_WARN_BOOL_CONVERSION = YES;
				CLANG_WARN_COMMA = YES;
				CLANG_WARN_CONSTANT_CONVERSION = YES;
				CLANG_WARN_DEPRECATED_OBJC_IMPLEMENTATIONS = YES;
				CLANG_WARN_DIRECT_OBJC_ISA_USAGE = YES_ERROR;
				CLANG_WARN_DOCUMENTATION_COMMENTS = YES;
				CLANG_WARN_EMPTY_BODY = YES;
				CLANG_WARN_ENUM_CONVERSION = YES;
				CLANG_WARN_INFINITE_RECURSION = YES;
				CLANG_WARN_INT_CONVERSION = YES;
				CLANG_WARN_NON_LITERAL_NULL_CONVERSION = YES;
				CLANG_WARN_OBJC_IMPLICIT_RETAIN_SELF = YES;
				CLANG_WARN_OBJC_LITERAL_CONVERSION = YES;
				CLANG_WARN_OBJC_ROOT_CLASS = YES_ERROR;
				CLANG_WARN_QUOTED_INCLUDE_IN_FRAMEWORK_HEADER = YES;
				CLANG_WARN_RANGE_LOOP_ANALYSIS = YES;
				CLANG_WARN_STRICT_PROTOTYPES = YES;
				CLANG_WARN_SUSPICIOUS_MOVE = YES;
				CLANG_WARN_UNGUARDED_AVAILABILITY = YES_AGGRESSIVE;
				CLANG_WARN_UNREACHABLE_CODE = YES;
				CLANG_WARN__DUPLICATE_METHOD_MATCH = YES;
				COPY_PHASE_STRIP = NO;
				DEBUG_INFORMATION_FORMAT = dwarf;
				ENABLE_STRICT_OBJC_MSGSEND = YES;
				ENABLE_TESTABILITY = YES;
				GCC_C_LANGUAGE_STANDARD = gnu11;
				GCC_DYNAMIC_NO_PIC = NO;
				GCC_NO_COMMON_BLOCKS = YES;
				GCC_OPTIMIZATION_LEVEL = 0;
				GCC_PREPROCESSOR_DEFINITIONS = (
					"DEBUG=1",
					"$(inherited)",
				);
				GCC_WARN_64_TO_32_BIT_CONVERSION = YES;
				GCC_WARN_ABOUT_RETURN_TYPE = YES_ERROR;
				GCC_WARN_UNDECLARED_SELECTOR = YES;
				GCC_WARN_UNINITIALIZED_AUTOS = YES_AGGRESSIVE;
				GCC_WARN_UNUSED_FUNCTION = YES;
				GCC_WARN_UNUSED_VARIABLE = YES;
				IPHONEOS_DEPLOYMENT_TARGET = 14.0;
				MTL_ENABLE_DEBUG_INFO = INCLUDE_SOURCE;
				MTL_FAST_MATH = YES;
				ONLY_ACTIVE_ARCH = YES;
				SDKROOT = iphoneos;
				SWIFT_ACTIVE_COMPILATION_CONDITIONS = DEBUG;
				SWIFT_OPTIMIZATION_LEVEL = "-Onone";
			};
			name = Debug;
		};
		91E911BC25304ABF00124C0E /* Release */ = {
			isa = XCBuildConfiguration;
			buildSettings = {
				ALWAYS_SEARCH_USER_PATHS = NO;
				CLANG_ANALYZER_NONNULL = YES;
				CLANG_ANALYZER_NUMBER_OBJECT_CONVERSION = YES_AGGRESSIVE;
				CLANG_CXX_LANGUAGE_STANDARD = "gnu++14";
				CLANG_CXX_LIBRARY = "libc++";
				CLANG_ENABLE_MODULES = YES;
				CLANG_ENABLE_OBJC_ARC = YES;
				CLANG_ENABLE_OBJC_WEAK = YES;
				CLANG_WARN_BLOCK_CAPTURE_AUTORELEASING = YES;
				CLANG_WARN_BOOL_CONVERSION = YES;
				CLANG_WARN_COMMA = YES;
				CLANG_WARN_CONSTANT_CONVERSION = YES;
				CLANG_WARN_DEPRECATED_OBJC_IMPLEMENTATIONS = YES;
				CLANG_WARN_DIRECT_OBJC_ISA_USAGE = YES_ERROR;
				CLANG_WARN_DOCUMENTATION_COMMENTS = YES;
				CLANG_WARN_EMPTY_BODY = YES;
				CLANG_WARN_ENUM_CONVERSION = YES;
				CLANG_WARN_INFINITE_RECURSION = YES;
				CLANG_WARN_INT_CONVERSION = YES;
				CLANG_WARN_NON_LITERAL_NULL_CONVERSION = YES;
				CLANG_WARN_OBJC_IMPLICIT_RETAIN_SELF = YES;
				CLANG_WARN_OBJC_LITERAL_CONVERSION = YES;
				CLANG_WARN_OBJC_ROOT_CLASS = YES_ERROR;
				CLANG_WARN_QUOTED_INCLUDE_IN_FRAMEWORK_HEADER = YES;
				CLANG_WARN_RANGE_LOOP_ANALYSIS = YES;
				CLANG_WARN_STRICT_PROTOTYPES = YES;
				CLANG_WARN_SUSPICIOUS_MOVE = YES;
				CLANG_WARN_UNGUARDED_AVAILABILITY = YES_AGGRESSIVE;
				CLANG_WARN_UNREACHABLE_CODE = YES;
				CLANG_WARN__DUPLICATE_METHOD_MATCH = YES;
				COPY_PHASE_STRIP = NO;
				DEBUG_INFORMATION_FORMAT = "dwarf-with-dsym";
				ENABLE_NS_ASSERTIONS = NO;
				ENABLE_STRICT_OBJC_MSGSEND = YES;
				GCC_C_LANGUAGE_STANDARD = gnu11;
				GCC_NO_COMMON_BLOCKS = YES;
				GCC_WARN_64_TO_32_BIT_CONVERSION = YES;
				GCC_WARN_ABOUT_RETURN_TYPE = YES_ERROR;
				GCC_WARN_UNDECLARED_SELECTOR = YES;
				GCC_WARN_UNINITIALIZED_AUTOS = YES_AGGRESSIVE;
				GCC_WARN_UNUSED_FUNCTION = YES;
				GCC_WARN_UNUSED_VARIABLE = YES;
				IPHONEOS_DEPLOYMENT_TARGET = 14.0;
				MTL_ENABLE_DEBUG_INFO = NO;
				MTL_FAST_MATH = YES;
				SDKROOT = iphoneos;
				SWIFT_COMPILATION_MODE = wholemodule;
				SWIFT_OPTIMIZATION_LEVEL = "-O";
				VALIDATE_PRODUCT = YES;
			};
			name = Release;
		};
		91E911BE25304ABF00124C0E /* Debug */ = {
			isa = XCBuildConfiguration;
			buildSettings = {
				ASSETCATALOG_COMPILER_APPICON_NAME = AppIcon;
				ASSETCATALOG_COMPILER_GLOBAL_ACCENT_COLOR_NAME = AccentColor;
				CODE_SIGN_STYLE = Automatic;
				DEVELOPMENT_TEAM = V9WZSQKJ6P;
				INFOPLIST_FILE = Obatur/Info.plist;
				LD_RUNPATH_SEARCH_PATHS = (
					"$(inherited)",
					"@executable_path/Frameworks",
				);
				PRODUCT_BUNDLE_IDENTIFIER = TEMPERatur.id.Obatur;
				PRODUCT_NAME = "$(TARGET_NAME)";
				SWIFT_VERSION = 5.0;
				TARGETED_DEVICE_FAMILY = "1,2";
			};
			name = Debug;
		};
		91E911BF25304ABF00124C0E /* Release */ = {
			isa = XCBuildConfiguration;
			buildSettings = {
				ASSETCATALOG_COMPILER_APPICON_NAME = AppIcon;
				ASSETCATALOG_COMPILER_GLOBAL_ACCENT_COLOR_NAME = AccentColor;
				CODE_SIGN_STYLE = Automatic;
				DEVELOPMENT_TEAM = V9WZSQKJ6P;
				INFOPLIST_FILE = Obatur/Info.plist;
				LD_RUNPATH_SEARCH_PATHS = (
					"$(inherited)",
					"@executable_path/Frameworks",
				);
				PRODUCT_BUNDLE_IDENTIFIER = TEMPERatur.id.Obatur;
				PRODUCT_NAME = "$(TARGET_NAME)";
				SWIFT_VERSION = 5.0;
				TARGETED_DEVICE_FAMILY = "1,2";
			};
			name = Release;
		};
		91E911C125304ABF00124C0E /* Debug */ = {
			isa = XCBuildConfiguration;
			buildSettings = {
				ALWAYS_EMBED_SWIFT_STANDARD_LIBRARIES = YES;
				BUNDLE_LOADER = "$(TEST_HOST)";
				CODE_SIGN_STYLE = Automatic;
				DEVELOPMENT_TEAM = V9WZSQKJ6P;
				INFOPLIST_FILE = ObaturTests/Info.plist;
				IPHONEOS_DEPLOYMENT_TARGET = 14.0;
				LD_RUNPATH_SEARCH_PATHS = (
					"$(inherited)",
					"@executable_path/Frameworks",
					"@loader_path/Frameworks",
				);
				PRODUCT_BUNDLE_IDENTIFIER = TEMPERatur.id.ObaturTests;
				PRODUCT_NAME = "$(TARGET_NAME)";
				SWIFT_VERSION = 5.0;
				TARGETED_DEVICE_FAMILY = "1,2";
				TEST_HOST = "$(BUILT_PRODUCTS_DIR)/Obatur.app/Obatur";
			};
			name = Debug;
		};
		91E911C225304ABF00124C0E /* Release */ = {
			isa = XCBuildConfiguration;
			buildSettings = {
				ALWAYS_EMBED_SWIFT_STANDARD_LIBRARIES = YES;
				BUNDLE_LOADER = "$(TEST_HOST)";
				CODE_SIGN_STYLE = Automatic;
				DEVELOPMENT_TEAM = V9WZSQKJ6P;
				INFOPLIST_FILE = ObaturTests/Info.plist;
				IPHONEOS_DEPLOYMENT_TARGET = 14.0;
				LD_RUNPATH_SEARCH_PATHS = (
					"$(inherited)",
					"@executable_path/Frameworks",
					"@loader_path/Frameworks",
				);
				PRODUCT_BUNDLE_IDENTIFIER = TEMPERatur.id.ObaturTests;
				PRODUCT_NAME = "$(TARGET_NAME)";
				SWIFT_VERSION = 5.0;
				TARGETED_DEVICE_FAMILY = "1,2";
				TEST_HOST = "$(BUILT_PRODUCTS_DIR)/Obatur.app/Obatur";
			};
			name = Release;
		};
		91E911C425304ABF00124C0E /* Debug */ = {
			isa = XCBuildConfiguration;
			buildSettings = {
				ALWAYS_EMBED_SWIFT_STANDARD_LIBRARIES = YES;
				CODE_SIGN_STYLE = Automatic;
				DEVELOPMENT_TEAM = V9WZSQKJ6P;
				INFOPLIST_FILE = ObaturUITests/Info.plist;
				LD_RUNPATH_SEARCH_PATHS = (
					"$(inherited)",
					"@executable_path/Frameworks",
					"@loader_path/Frameworks",
				);
				PRODUCT_BUNDLE_IDENTIFIER = TEMPERatur.id.ObaturUITests;
				PRODUCT_NAME = "$(TARGET_NAME)";
				SWIFT_VERSION = 5.0;
				TARGETED_DEVICE_FAMILY = "1,2";
				TEST_TARGET_NAME = Obatur;
			};
			name = Debug;
		};
		91E911C525304ABF00124C0E /* Release */ = {
			isa = XCBuildConfiguration;
			buildSettings = {
				ALWAYS_EMBED_SWIFT_STANDARD_LIBRARIES = YES;
				CODE_SIGN_STYLE = Automatic;
				DEVELOPMENT_TEAM = V9WZSQKJ6P;
				INFOPLIST_FILE = ObaturUITests/Info.plist;
				LD_RUNPATH_SEARCH_PATHS = (
					"$(inherited)",
					"@executable_path/Frameworks",
					"@loader_path/Frameworks",
				);
				PRODUCT_BUNDLE_IDENTIFIER = TEMPERatur.id.ObaturUITests;
				PRODUCT_NAME = "$(TARGET_NAME)";
				SWIFT_VERSION = 5.0;
				TARGETED_DEVICE_FAMILY = "1,2";
				TEST_TARGET_NAME = Obatur;
			};
			name = Release;
		};
/* End XCBuildConfiguration section */

/* Begin XCConfigurationList section */
		91E9118B25304ABE00124C0E /* Build configuration list for PBXProject "Obatur" */ = {
			isa = XCConfigurationList;
			buildConfigurations = (
				91E911BB25304ABF00124C0E /* Debug */,
				91E911BC25304ABF00124C0E /* Release */,
			);
			defaultConfigurationIsVisible = 0;
			defaultConfigurationName = Release;
		};
		91E911BD25304ABF00124C0E /* Build configuration list for PBXNativeTarget "Obatur" */ = {
			isa = XCConfigurationList;
			buildConfigurations = (
				91E911BE25304ABF00124C0E /* Debug */,
				91E911BF25304ABF00124C0E /* Release */,
			);
			defaultConfigurationIsVisible = 0;
			defaultConfigurationName = Release;
		};
		91E911C025304ABF00124C0E /* Build configuration list for PBXNativeTarget "ObaturTests" */ = {
			isa = XCConfigurationList;
			buildConfigurations = (
				91E911C125304ABF00124C0E /* Debug */,
				91E911C225304ABF00124C0E /* Release */,
			);
			defaultConfigurationIsVisible = 0;
			defaultConfigurationName = Release;
		};
		91E911C325304ABF00124C0E /* Build configuration list for PBXNativeTarget "ObaturUITests" */ = {
			isa = XCConfigurationList;
			buildConfigurations = (
				91E911C425304ABF00124C0E /* Debug */,
				91E911C525304ABF00124C0E /* Release */,
			);
			defaultConfigurationIsVisible = 0;
			defaultConfigurationName = Release;
		};
/* End XCConfigurationList section */

/* Begin XCVersionGroup section */
		91E9119C25304ABE00124C0E /* Obatur.xcdatamodeld */ = {
			isa = XCVersionGroup;
			children = (
				91E9119D25304ABE00124C0E /* Obatur.xcdatamodel */,
			);
			currentVersion = 91E9119D25304ABE00124C0E /* Obatur.xcdatamodel */;
			path = Obatur.xcdatamodeld;
			sourceTree = "<group>";
			versionGroupType = wrapper.xcdatamodel;
		};
/* End XCVersionGroup section */
	};
	rootObject = 91E9118825304ABE00124C0E /* Project object */;
}
